
Microsoft Visual Studio Solution File, Format Version 12.00
# Visual Studio Version 17
VisualStudioVersion = 17.4.33205.214
MinimumVisualStudioVersion = 10.0.40219.1
Project("{FAE04EC0-301F-11D3-BF4B-00C04F79EFBC}") = "Danske.HW.API", "Danske.HW\Danske.HW.API\Danske.HW.API.csproj", "{30056E9A-F24C-47DD-AD5D-C86C2A5F5CA5}"
EndProject
Global
	GlobalSection(SolutionConfigurationPlatforms) = preSolution
		Debug|Any CPU = Debug|Any CPU
		Release|Any CPU = Release|Any CPU
	EndGlobalSection
	GlobalSection(ProjectConfigurationPlatforms) = postSolution
		{30056E9A-F24C-47DD-AD5D-C86C2A5F5CA5}.Debug|Any CPU.ActiveCfg = Debug|Any CPU
		{30056E9A-F24C-47DD-AD5D-C86C2A5F5CA5}.Debug|Any CPU.Build.0 = Debug|Any CPU
		{30056E9A-F24C-47DD-AD5D-C86C2A5F5CA5}.Release|Any CPU.ActiveCfg = Release|Any CPU
		{30056E9A-F24C-47DD-AD5D-C86C2A5F5CA5}.Release|Any CPU.Build.0 = Release|Any CPU
	EndGlobalSection
	GlobalSection(SolutionProperties) = preSolution
		HideSolutionNode = FALSE
	EndGlobalSection
	GlobalSection(ExtensibilityGlobals) = postSolution
		SolutionGuid = {12E7F8CD-AAC7-46E8-9858-0E0B0A9D1F88}
	EndGlobalSection
EndGlobal
